// !$*UTF8*$!
{
	archiveVersion = 1;
	classes = {
	};
	objectVersion = 46;
	objects = {

/* Begin PBXBuildFile section */
		B5630C611AB21FB10097DC8D /* AppDelegate.swift in Sources */ = {isa = PBXBuildFile; fileRef = B5630C601AB21FB10097DC8D /* AppDelegate.swift */; };
		B5630C641AB21FB10097DC8D /* RazorPortal.xcdatamodeld in Sources */ = {isa = PBXBuildFile; fileRef = B5630C621AB21FB10097DC8D /* RazorPortal.xcdatamodeld */; };
		B5630C661AB21FB10097DC8D /* ViewController.swift in Sources */ = {isa = PBXBuildFile; fileRef = B5630C651AB21FB10097DC8D /* ViewController.swift */; };
		B5630C691AB21FB10097DC8D /* Main.storyboard in Resources */ = {isa = PBXBuildFile; fileRef = B5630C671AB21FB10097DC8D /* Main.storyboard */; };
		B5630C6B1AB21FB10097DC8D /* Images.xcassets in Resources */ = {isa = PBXBuildFile; fileRef = B5630C6A1AB21FB10097DC8D /* Images.xcassets */; };
		B5630C6E1AB21FB10097DC8D /* LaunchScreen.xib in Resources */ = {isa = PBXBuildFile; fileRef = B5630C6C1AB21FB10097DC8D /* LaunchScreen.xib */; };
		B5630C7A1AB21FB10097DC8D /* RazorPortalTests.swift in Sources */ = {isa = PBXBuildFile; fileRef = B5630C791AB21FB10097DC8D /* RazorPortalTests.swift */; };
		B5630C841AB230FF0097DC8D /* WebsiteViewController.swift in Sources */ = {isa = PBXBuildFile; fileRef = B5630C831AB230FF0097DC8D /* WebsiteViewController.swift */; };
		B5630C861AB232920097DC8D /* MapViewController.swift in Sources */ = {isa = PBXBuildFile; fileRef = B5630C851AB232920097DC8D /* MapViewController.swift */; };
		B57F73F11ACDC7EF009F7666 /* NavigationController.swift in Sources */ = {isa = PBXBuildFile; fileRef = B57F73F01ACDC7EF009F7666 /* NavigationController.swift */; };
/* End PBXBuildFile section */

/* Begin PBXContainerItemProxy section */
		B5630C741AB21FB10097DC8D /* PBXContainerItemProxy */ = {
			isa = PBXContainerItemProxy;
			containerPortal = B5630C531AB21FB10097DC8D /* Project object */;
			proxyType = 1;
			remoteGlobalIDString = B5630C5A1AB21FB10097DC8D;
			remoteInfo = RazorPortal;
		};
/* End PBXContainerItemProxy section */

/* Begin PBXFileReference section */
		B5630C5B1AB21FB10097DC8D /* RazorPortal.app */ = {isa = PBXFileReference; explicitFileType = wrapper.application; includeInIndex = 0; path = RazorPortal.app; sourceTree = BUILT_PRODUCTS_DIR; };
		B5630C5F1AB21FB10097DC8D /* Info.plist */ = {isa = PBXFileReference; lastKnownFileType = text.plist.xml; path = Info.plist; sourceTree = "<group>"; };
		B5630C601AB21FB10097DC8D /* AppDelegate.swift */ = {isa = PBXFileReference; lastKnownFileType = sourcecode.swift; path = AppDelegate.swift; sourceTree = "<group>"; };
		B5630C631AB21FB10097DC8D /* RazorPortal.xcdatamodel */ = {isa = PBXFileReference; lastKnownFileType = wrapper.xcdatamodel; path = RazorPortal.xcdatamodel; sourceTree = "<group>"; };
		B5630C651AB21FB10097DC8D /* ViewController.swift */ = {isa = PBXFileReference; lastKnownFileType = sourcecode.swift; path = ViewController.swift; sourceTree = "<group>"; };
		B5630C681AB21FB10097DC8D /* Base */ = {isa = PBXFileReference; lastKnownFileType = file.storyboard; name = Base; path = Base.lproj/Main.storyboard; sourceTree = "<group>"; };
		B5630C6A1AB21FB10097DC8D /* Images.xcassets */ = {isa = PBXFileReference; lastKnownFileType = folder.assetcatalog; path = Images.xcassets; sourceTree = "<group>"; };
		B5630C6D1AB21FB10097DC8D /* Base */ = {isa = PBXFileReference; lastKnownFileType = file.xib; name = Base; path = Base.lproj/LaunchScreen.xib; sourceTree = "<group>"; };
		B5630C731AB21FB10097DC8D /* RazorPortalTests.xctest */ = {isa = PBXFileReference; explicitFileType = wrapper.cfbundle; includeInIndex = 0; path = RazorPortalTests.xctest; sourceTree = BUILT_PRODUCTS_DIR; };
		B5630C781AB21FB10097DC8D /* Info.plist */ = {isa = PBXFileReference; lastKnownFileType = text.plist.xml; path = Info.plist; sourceTree = "<group>"; };
		B5630C791AB21FB10097DC8D /* RazorPortalTests.swift */ = {isa = PBXFileReference; lastKnownFileType = sourcecode.swift; path = RazorPortalTests.swift; sourceTree = "<group>"; };
		B5630C831AB230FF0097DC8D /* WebsiteViewController.swift */ = {isa = PBXFileReference; fileEncoding = 4; lastKnownFileType = sourcecode.swift; path = WebsiteViewController.swift; sourceTree = "<group>"; };
		B5630C851AB232920097DC8D /* MapViewController.swift */ = {isa = PBXFileReference; fileEncoding = 4; lastKnownFileType = sourcecode.swift; path = MapViewController.swift; sourceTree = "<group>"; };
		B57F73F01ACDC7EF009F7666 /* NavigationController.swift */ = {isa = PBXFileReference; fileEncoding = 4; lastKnownFileType = sourcecode.swift; path = NavigationController.swift; sourceTree = "<group>"; };
/* End PBXFileReference section */

/* Begin PBXFrameworksBuildPhase section */
		B5630C581AB21FB10097DC8D /* Frameworks */ = {
			isa = PBXFrameworksBuildPhase;
			buildActionMask = 2147483647;
			files = (
			);
			runOnlyForDeploymentPostprocessing = 0;
		};
		B5630C701AB21FB10097DC8D /* Frameworks */ = {
			isa = PBXFrameworksBuildPhase;
			buildActionMask = 2147483647;
			files = (
			);
			runOnlyForDeploymentPostprocessing = 0;
		};
/* End PBXFrameworksBuildPhase section */

/* Begin PBXGroup section */
		B5630C521AB21FB10097DC8D = {
			isa = PBXGroup;
			children = (
				B5630C5D1AB21FB10097DC8D /* RazorPortal */,
				B5630C761AB21FB10097DC8D /* RazorPortalTests */,
				B5630C5C1AB21FB10097DC8D /* Products */,
			);
			sourceTree = "<group>";
		};
		B5630C5C1AB21FB10097DC8D /* Products */ = {
			isa = PBXGroup;
			children = (
				B5630C5B1AB21FB10097DC8D /* RazorPortal.app */,
				B5630C731AB21FB10097DC8D /* RazorPortalTests.xctest */,
			);
			name = Products;
			sourceTree = "<group>";
		};
		B5630C5D1AB21FB10097DC8D /* RazorPortal */ = {
			isa = PBXGroup;
			children = (
				B5630C601AB21FB10097DC8D /* AppDelegate.swift */,
				B5630C651AB21FB10097DC8D /* ViewController.swift */,
				B5630C671AB21FB10097DC8D /* Main.storyboard */,
				B5630C6A1AB21FB10097DC8D /* Images.xcassets */,
				B5630C6C1AB21FB10097DC8D /* LaunchScreen.xib */,
				B5630C621AB21FB10097DC8D /* RazorPortal.xcdatamodeld */,
				B5630C5E1AB21FB10097DC8D /* Supporting Files */,
				B57F73F01ACDC7EF009F7666 /* NavigationController.swift */,
				B5630C831AB230FF0097DC8D /* WebsiteViewController.swift */,
				B5630C851AB232920097DC8D /* MapViewController.swift */,
			);
			path = RazorPortal;
			sourceTree = "<group>";
		};
		B5630C5E1AB21FB10097DC8D /* Supporting Files */ = {
			isa = PBXGroup;
			children = (
				B5630C5F1AB21FB10097DC8D /* Info.plist */,
			);
			name = "Supporting Files";
			sourceTree = "<group>";
		};
		B5630C761AB21FB10097DC8D /* RazorPortalTests */ = {
			isa = PBXGroup;
			children = (
				B5630C791AB21FB10097DC8D /* RazorPortalTests.swift */,
				B5630C771AB21FB10097DC8D /* Supporting Files */,
			);
			path = RazorPortalTests;
			sourceTree = "<group>";
		};
		B5630C771AB21FB10097DC8D /* Supporting Files */ = {
			isa = PBXGroup;
			children = (
				B5630C781AB21FB10097DC8D /* Info.plist */,
			);
			name = "Supporting Files";
			sourceTree = "<group>";
		};
/* End PBXGroup section */

/* Begin PBXNativeTarget section */
		B5630C5A1AB21FB10097DC8D /* RazorPortal */ = {
			isa = PBXNativeTarget;
			buildConfigurationList = B5630C7D1AB21FB10097DC8D /* Build configuration list for PBXNativeTarget "RazorPortal" */;
			buildPhases = (
				B5630C571AB21FB10097DC8D /* Sources */,
				B5630C581AB21FB10097DC8D /* Frameworks */,
				B5630C591AB21FB10097DC8D /* Resources */,
			);
			buildRules = (
			);
			dependencies = (
			);
			name = RazorPortal;
			productName = RazorPortal;
			productReference = B5630C5B1AB21FB10097DC8D /* RazorPortal.app */;
			productType = "com.apple.product-type.application";
		};
		B5630C721AB21FB10097DC8D /* RazorPortalTests */ = {
			isa = PBXNativeTarget;
			buildConfigurationList = B5630C801AB21FB10097DC8D /* Build configuration list for PBXNativeTarget "RazorPortalTests" */;
			buildPhases = (
				B5630C6F1AB21FB10097DC8D /* Sources */,
				B5630C701AB21FB10097DC8D /* Frameworks */,
				B5630C711AB21FB10097DC8D /* Resources */,
			);
			buildRules = (
			);
			dependencies = (
				B5630C751AB21FB10097DC8D /* PBXTargetDependency */,
			);
			name = RazorPortalTests;
			productName = RazorPortalTests;
			productReference = B5630C731AB21FB10097DC8D /* RazorPortalTests.xctest */;
			productType = "com.apple.product-type.bundle.unit-test";
		};
/* End PBXNativeTarget section */

/* Begin PBXProject section */
		B5630C531AB21FB10097DC8D /* Project object */ = {
			isa = PBXProject;
			attributes = {
				LastUpgradeCheck = 0610;
				ORGANIZATIONNAME = "Chris Drewry";
				TargetAttributes = {
					B5630C5A1AB21FB10097DC8D = {
						CreatedOnToolsVersion = 6.1.1;
						DevelopmentTeam = 6ND47CUUPK;
					};
					B5630C721AB21FB10097DC8D = {
						CreatedOnToolsVersion = 6.1.1;
						TestTargetID = B5630C5A1AB21FB10097DC8D;
					};
				};
			};
			buildConfigurationList = B5630C561AB21FB10097DC8D /* Build configuration list for PBXProject "RazorPortal" */;
			compatibilityVersion = "Xcode 3.2";
			developmentRegion = English;
			hasScannedForEncodings = 0;
			knownRegions = (
				en,
				Base,
			);
			mainGroup = B5630C521AB21FB10097DC8D;
			productRefGroup = B5630C5C1AB21FB10097DC8D /* Products */;
			projectDirPath = "";
			projectRoot = "";
			targets = (
				B5630C5A1AB21FB10097DC8D /* RazorPortal */,
				B5630C721AB21FB10097DC8D /* RazorPortalTests */,
			);
		};
/* End PBXProject section */

/* Begin PBXResourcesBuildPhase section */
		B5630C591AB21FB10097DC8D /* Resources */ = {
			isa = PBXResourcesBuildPhase;
			buildActionMask = 2147483647;
			files = (
				B5630C691AB21FB10097DC8D /* Main.storyboard in Resources */,
				B5630C6E1AB21FB10097DC8D /* LaunchScreen.xib in Resources */,
				B5630C6B1AB21FB10097DC8D /* Images.xcassets in Resources */,
			);
			runOnlyForDeploymentPostprocessing = 0;
		};
		B5630C711AB21FB10097DC8D /* Resources */ = {
			isa = PBXResourcesBuildPhase;
			buildActionMask = 2147483647;
			files = (
			);
			runOnlyForDeploymentPostprocessing = 0;
		};
/* End PBXResourcesBuildPhase section */

/* Begin PBXSourcesBuildPhase section */
		B5630C571AB21FB10097DC8D /* Sources */ = {
			isa = PBXSourcesBuildPhase;
			buildActionMask = 2147483647;
			files = (
				B5630C841AB230FF0097DC8D /* WebsiteViewController.swift in Sources */,
				B57F73F11ACDC7EF009F7666 /* NavigationController.swift in Sources */,
				B5630C661AB21FB10097DC8D /* ViewController.swift in Sources */,
				B5630C641AB21FB10097DC8D /* RazorPortal.xcdatamodeld in Sources */,
				B5630C861AB232920097DC8D /* MapViewController.swift in Sources */,
				B5630C611AB21FB10097DC8D /* AppDelegate.swift in Sources */,
			);
			runOnlyForDeploymentPostprocessing = 0;
		};
		B5630C6F1AB21FB10097DC8D /* Sources */ = {
			isa = PBXSourcesBuildPhase;
			buildActionMask = 2147483647;
			files = (
				B5630C7A1AB21FB10097DC8D /* RazorPortalTests.swift in Sources */,
			);
			runOnlyForDeploymentPostprocessing = 0;
		};
/* End PBXSourcesBuildPhase section */

/* Begin PBXTargetDependency section */
		B5630C751AB21FB10097DC8D /* PBXTargetDependency */ = {
			isa = PBXTargetDependency;
			target = B5630C5A1AB21FB10097DC8D /* RazorPortal */;
			targetProxy = B5630C741AB21FB10097DC8D /* PBXContainerItemProxy */;
		};
/* End PBXTargetDependency section */

/* Begin PBXVariantGroup section */
		B5630C671AB21FB10097DC8D /* Main.storyboard */ = {
			isa = PBXVariantGroup;
			children = (
				B5630C681AB21FB10097DC8D /* Base */,
			);
			name = Main.storyboard;
			sourceTree = "<group>";
		};
		B5630C6C1AB21FB10097DC8D /* LaunchScreen.xib */ = {
			isa = PBXVariantGroup;
			children = (
				B5630C6D1AB21FB10097DC8D /* Base */,
			);
			name = LaunchScreen.xib;
			sourceTree = "<group>";
		};
/* End PBXVariantGroup section */

/* Begin XCBuildConfiguration section */
		B5630C7B1AB21FB10097DC8D /* Debug */ = {
			isa = XCBuildConfiguration;
			buildSettings = {
				ALWAYS_SEARCH_USER_PATHS = NO;
				CLANG_CXX_LANGUAGE_STANDARD = "gnu++0x";
				CLANG_CXX_LIBRARY = "libc++";
				CLANG_ENABLE_MODULES = YES;
				CLANG_ENABLE_OBJC_ARC = YES;
				CLANG_WARN_BOOL_CONVERSION = YES;
				CLANG_WARN_CONSTANT_CONVERSION = YES;
				CLANG_WARN_DIRECT_OBJC_ISA_USAGE = YES_ERROR;
				CLANG_WARN_EMPTY_BODY = YES;
				CLANG_WARN_ENUM_CONVERSION = YES;
				CLANG_WARN_INT_CONVERSION = YES;
				CLANG_WARN_OBJC_ROOT_CLASS = YES_ERROR;
				CLANG_WARN_UNREACHABLE_CODE = YES;
				CLANG_WARN__DUPLICATE_METHOD_MATCH = YES;
				"CODE_SIGN_IDENTITY[sdk=iphoneos*]" = "iPhone Developer";
				COPY_PHASE_STRIP = NO;
				ENABLE_STRICT_OBJC_MSGSEND = YES;
				GCC_C_LANGUAGE_STANDARD = gnu99;
				GCC_DYNAMIC_NO_PIC = NO;
				GCC_OPTIMIZATION_LEVEL = 0;
				GCC_PREPROCESSOR_DEFINITIONS = (
					"DEBUG=1",
					"$(inherited)",
				);
				GCC_SYMBOLS_PRIVATE_EXTERN = NO;
				GCC_WARN_64_TO_32_BIT_CONVERSION = YES;
				GCC_WARN_ABOUT_RETURN_TYPE = YES_ERROR;
				GCC_WARN_UNDECLARED_SELECTOR = YES;
				GCC_WARN_UNINITIALIZED_AUTOS = YES_AGGRESSIVE;
				GCC_WARN_UNUSED_FUNCTION = YES;
				GCC_WARN_UNUSED_VARIABLE = YES;
				IPHONEOS_DEPLOYMENT_TARGET = 8.3;
				MTL_ENABLE_DEBUG_INFO = YES;
				ONLY_ACTIVE_ARCH = YES;
				SDKROOT = iphoneos;
				SWIFT_OPTIMIZATION_LEVEL = "-Onone";
			};
			name = Debug;
		};
		B5630C7C1AB21FB10097DC8D /* Release */ = {
			isa = XCBuildConfiguration;
			buildSettings = {
				ALWAYS_SEARCH_USER_PATHS = NO;
				CLANG_CXX_LANGUAGE_STANDARD = "gnu++0x";
				CLANG_CXX_LIBRARY = "libc++";
				CLANG_ENABLE_MODULES = YES;
				CLANG_ENABLE_OBJC_ARC = YES;
				CLANG_WARN_BOOL_CONVERSION = YES;
				CLANG_WARN_CONSTANT_CONVERSION = YES;
				CLANG_WARN_DIRECT_OBJC_ISA_USAGE = YES_ERROR;
				CLANG_WARN_EMPTY_BODY = YES;
				CLANG_WARN_ENUM_CONVERSION = YES;
				CLANG_WARN_INT_CONVERSION = YES;
				CLANG_WARN_OBJC_ROOT_CLASS = YES_ERROR;
				CLANG_WARN_UNREACHABLE_CODE = YES;
				CLANG_WARN__DUPLICATE_METHOD_MATCH = YES;
				"CODE_SIGN_IDENTITY[sdk=iphoneos*]" = "iPhone Developer";
				COPY_PHASE_STRIP = YES;
				ENABLE_NS_ASSERTIONS = NO;
				ENABLE_STRICT_OBJC_MSGSEND = YES;
				GCC_C_LANGUAGE_STANDARD = gnu99;
				GCC_WARN_64_TO_32_BIT_CONVERSION = YES;
				GCC_WARN_ABOUT_RETURN_TYPE = YES_ERROR;
				GCC_WARN_UNDECLARED_SELECTOR = YES;
				GCC_WARN_UNINITIALIZED_AUTOS = YES_AGGRESSIVE;
				GCC_WARN_UNUSED_FUNCTION = YES;
				GCC_WARN_UNUSED_VARIABLE = YES;
				IPHONEOS_DEPLOYMENT_TARGET = 8.3;
				MTL_ENABLE_DEBUG_INFO = NO;
				SDKROOT = iphoneos;
				VALIDATE_PRODUCT = YES;
			};
			name = Release;
		};
		B5630C7E1AB21FB10097DC8D /* Debug */ = {
			isa = XCBuildConfiguration;
			buildSettings = {
				ASSETCATALOG_COMPILER_APPICON_NAME = AppIcon;
				CODE_SIGN_IDENTITY = "iPhone Developer";
				"CODE_SIGN_IDENTITY[sdk=iphoneos*]" = "iPhone Developer";
				INFOPLIST_FILE = RazorPortal/Info.plist;
				LD_RUNPATH_SEARCH_PATHS = "$(inherited) @executable_path/Frameworks";
				PRODUCT_NAME = "$(TARGET_NAME)";
				PROVISIONING_PROFILE = "";
			};
			name = Debug;
		};
		B5630C7F1AB21FB10097DC8D /* Release */ = {
			isa = XCBuildConfiguration;
			buildSettings = {
				ASSETCATALOG_COMPILER_APPICON_NAME = AppIcon;
				CODE_SIGN_IDENTITY = "iPhone Developer";
				"CODE_SIGN_IDENTITY[sdk=iphoneos*]" = "iPhone Developer";
				INFOPLIST_FILE = RazorPortal/Info.plist;
				LD_RUNPATH_SEARCH_PATHS = "$(inherited) @executable_path/Frameworks";
				PRODUCT_NAME = "$(TARGET_NAME)";
				PROVISIONING_PROFILE = "";
			};
			name = Release;
		};
		B5630C811AB21FB10097DC8D /* Debug */ = {
			isa = XCBuildConfiguration;
			buildSettings = {
				BUNDLE_LOADER = "$(TEST_HOST)";
				FRAMEWORK_SEARCH_PATHS = (
					"$(SDKROOT)/Developer/Library/Frameworks",
					"$(inherited)",
				);
				GCC_PREPROCESSOR_DEFINITIONS = (
					"DEBUG=1",
					"$(inherited)",
				);
				INFOPLIST_FILE = RazorPortalTests/Info.plist;
				LD_RUNPATH_SEARCH_PATHS = "$(inherited) @executable_path/Frameworks @loader_path/Frameworks";
				PRODUCT_NAME = "$(TARGET_NAME)";
				TEST_HOST = "$(BUILT_PRODUCTS_DIR)/RazorPortal.app/RazorPortal";
			};
			name = Debug;
		};
		B5630C821AB21FB10097DC8D /* Release */ = {
			isa = XCBuildConfiguration;
			buildSettings = {
				BUNDLE_LOADER = "$(TEST_HOST)";
				FRAMEWORK_SEARCH_PATHS = (
					"$(SDKROOT)/Developer/Library/Frameworks",
					"$(inherited)",
				);
				INFOPLIST_FILE = RazorPortalTests/Info.plist;
				LD_RUNPATH_SEARCH_PATHS = "$(inherited) @executable_path/Frameworks @loader_path/Frameworks";
				PRODUCT_NAME = "$(TARGET_NAME)";
				TEST_HOST = "$(BUILT_PRODUCTS_DIR)/RazorPortal.app/RazorPortal";
			};
			name = Release;
		};
/* End XCBuildConfiguration section */

/* Begin XCConfigurationList section */
		B5630C561AB21FB10097DC8D /* Build configuration list for PBXProject "RazorPortal" */ = {
			isa = XCConfigurationList;
			buildConfigurations = (
				B5630C7B1AB21FB10097DC8D /* Debug */,
				B5630C7C1AB21FB10097DC8D /* Release */,
			);
			defaultConfigurationIsVisible = 0;
			defaultConfigurationName = Release;
		};
		B5630C7D1AB21FB10097DC8D /* Build configuration list for PBXNativeTarget "RazorPortal" */ = {
			isa = XCConfigurationList;
			buildConfigurations = (
				B5630C7E1AB21FB10097DC8D /* Debug */,
				B5630C7F1AB21FB10097DC8D /* Release */,
			);
			defaultConfigurationIsVisible = 0;
			defaultConfigurationName = Release;
		};
		B5630C801AB21FB10097DC8D /* Build configuration list for PBXNativeTarget "RazorPortalTests" */ = {
			isa = XCConfigurationList;
			buildConfigurations = (
				B5630C811AB21FB10097DC8D /* Debug */,
				B5630C821AB21FB10097DC8D /* Release */,
			);
			defaultConfigurationIsVisible = 0;
			defaultConfigurationName = Release;
		};
/* End XCConfigurationList section */

/* Begin XCVersionGroup section */
		B5630C621AB21FB10097DC8D /* RazorPortal.xcdatamodeld */ = {
			isa = XCVersionGroup;
			children = (
				B5630C631AB21FB10097DC8D /* RazorPortal.xcdatamodel */,
			);
			currentVersion = B5630C631AB21FB10097DC8D /* RazorPortal.xcdatamodel */;
			path = RazorPortal.xcdatamodeld;
			sourceTree = "<group>";
			versionGroupType = wrapper.xcdatamodel;
		};
/* End XCVersionGroup section */
	};
	rootObject = B5630C531AB21FB10097DC8D /* Project object */;
}
